// !$*UTF8*$!
{
	archiveVersion = 1;
	classes = {
	};
	objectVersion = 51;
	objects = {

/* Begin PBXBuildFile section */
		5005821D25024F040076927D /* CategoryCollectionViewCell.swift in Sources */ = {isa = PBXBuildFile; fileRef = 5005821C25024F040076927D /* CategoryCollectionViewCell.swift */; };
		5005821F25024F990076927D /* AddSpendViewController.swift in Sources */ = {isa = PBXBuildFile; fileRef = 5005821E25024F990076927D /* AddSpendViewController.swift */; };
		502272572508B14C00914E9A /* ColorSet.swift in Sources */ = {isa = PBXBuildFile; fileRef = 502272562508B14C00914E9A /* ColorSet.swift */; };
		5029EE75253089DE00503D0B /* Persistance.swift in Sources */ = {isa = PBXBuildFile; fileRef = 5029EE74253089DE00503D0B /* Persistance.swift */; };
		5029EE7825308C7100503D0B /* StringExtension.swift in Sources */ = {isa = PBXBuildFile; fileRef = 5029EE7725308C7100503D0B /* StringExtension.swift */; };
		502BFA8A252C4A57003A6272 /* SpendData.swift in Sources */ = {isa = PBXBuildFile; fileRef = 502BFA89252C4A57003A6272 /* SpendData.swift */; };
		50382C2124EE33CA0085272D /* SpendCategory.swift in Sources */ = {isa = PBXBuildFile; fileRef = 50382C2024EE33CA0085272D /* SpendCategory.swift */; };
		50382C2324EE36600085272D /* SpendItem.swift in Sources */ = {isa = PBXBuildFile; fileRef = 50382C2224EE36600085272D /* SpendItem.swift */; };
		50382C2524EE38E10085272D /* SpendCollection.swift in Sources */ = {isa = PBXBuildFile; fileRef = 50382C2424EE38E10085272D /* SpendCollection.swift */; };
		5039B00D2523A33900875E24 /* DateExtension.swift in Sources */ = {isa = PBXBuildFile; fileRef = 5039B00C2523A33900875E24 /* DateExtension.swift */; };
		503B1C22251B614200EBBF2B /* CalculatorView.swift in Sources */ = {isa = PBXBuildFile; fileRef = 503B1C21251B614200EBBF2B /* CalculatorView.swift */; };
		50418D7724EBD0FD003EDD6B /* AppDelegate.swift in Sources */ = {isa = PBXBuildFile; fileRef = 50418D7624EBD0FD003EDD6B /* AppDelegate.swift */; };
		50418D7924EBD0FD003EDD6B /* SceneDelegate.swift in Sources */ = {isa = PBXBuildFile; fileRef = 50418D7824EBD0FD003EDD6B /* SceneDelegate.swift */; };
		50418D7B24EBD0FE003EDD6B /* ViewController.swift in Sources */ = {isa = PBXBuildFile; fileRef = 50418D7A24EBD0FE003EDD6B /* ViewController.swift */; };
		50418D7E24EBD0FE003EDD6B /* Main.storyboard in Resources */ = {isa = PBXBuildFile; fileRef = 50418D7C24EBD0FE003EDD6B /* Main.storyboard */; };
		50418D8124EBD0FE003EDD6B /* MoneyKeep.xcdatamodeld in Sources */ = {isa = PBXBuildFile; fileRef = 50418D7F24EBD0FE003EDD6B /* MoneyKeep.xcdatamodeld */; };
		50418D8324EBD0FF003EDD6B /* Assets.xcassets in Resources */ = {isa = PBXBuildFile; fileRef = 50418D8224EBD0FF003EDD6B /* Assets.xcassets */; };
		50418D8624EBD0FF003EDD6B /* LaunchScreen.storyboard in Resources */ = {isa = PBXBuildFile; fileRef = 50418D8424EBD0FF003EDD6B /* LaunchScreen.storyboard */; };
		50500B1524FD401E00BE9132 /* ImageCollection.swift in Sources */ = {isa = PBXBuildFile; fileRef = 50500B1424FD401E00BE9132 /* ImageCollection.swift */; };
		507BC8B125244ABA00C91358 /* SelectCategoryViewController.swift in Sources */ = {isa = PBXBuildFile; fileRef = 507BC8B025244ABA00C91358 /* SelectCategoryViewController.swift */; };
		50A0B89824F91D4800DE5E23 /* CategoryCollection.swift in Sources */ = {isa = PBXBuildFile; fileRef = 50A0B89724F91D4800DE5E23 /* CategoryCollection.swift */; };
		50D7247625306CF700402F5B /* Localizable.strings in Resources */ = {isa = PBXBuildFile; fileRef = 50D7247825306CF700402F5B /* Localizable.strings */; };
		FBCD0EA8B0288554E62CD1D6 /* Pods_MoneyKeep.framework in Frameworks */ = {isa = PBXBuildFile; fileRef = 0BC49BB30AAE39B8DF13D603 /* Pods_MoneyKeep.framework */; };
/* End PBXBuildFile section */

/* Begin PBXFileReference section */
		0BC49BB30AAE39B8DF13D603 /* Pods_MoneyKeep.framework */ = {isa = PBXFileReference; explicitFileType = wrapper.framework; includeInIndex = 0; path = Pods_MoneyKeep.framework; sourceTree = BUILT_PRODUCTS_DIR; };
		5005821C25024F040076927D /* CategoryCollectionViewCell.swift */ = {isa = PBXFileReference; lastKnownFileType = sourcecode.swift; path = CategoryCollectionViewCell.swift; sourceTree = "<group>"; };
		5005821E25024F990076927D /* AddSpendViewController.swift */ = {isa = PBXFileReference; lastKnownFileType = sourcecode.swift; path = AddSpendViewController.swift; sourceTree = "<group>"; };
		502272562508B14C00914E9A /* ColorSet.swift */ = {isa = PBXFileReference; lastKnownFileType = sourcecode.swift; path = ColorSet.swift; sourceTree = "<group>"; };
		5029EE74253089DE00503D0B /* Persistance.swift */ = {isa = PBXFileReference; lastKnownFileType = sourcecode.swift; path = Persistance.swift; sourceTree = "<group>"; };
		5029EE7725308C7100503D0B /* StringExtension.swift */ = {isa = PBXFileReference; lastKnownFileType = sourcecode.swift; path = StringExtension.swift; sourceTree = "<group>"; };
		502BFA89252C4A57003A6272 /* SpendData.swift */ = {isa = PBXFileReference; lastKnownFileType = sourcecode.swift; path = SpendData.swift; sourceTree = "<group>"; };
		50382C2024EE33CA0085272D /* SpendCategory.swift */ = {isa = PBXFileReference; lastKnownFileType = sourcecode.swift; path = SpendCategory.swift; sourceTree = "<group>"; };
		50382C2224EE36600085272D /* SpendItem.swift */ = {isa = PBXFileReference; lastKnownFileType = sourcecode.swift; path = SpendItem.swift; sourceTree = "<group>"; };
		50382C2424EE38E10085272D /* SpendCollection.swift */ = {isa = PBXFileReference; lastKnownFileType = sourcecode.swift; path = SpendCollection.swift; sourceTree = "<group>"; };
		5039B00C2523A33900875E24 /* DateExtension.swift */ = {isa = PBXFileReference; lastKnownFileType = sourcecode.swift; path = DateExtension.swift; sourceTree = "<group>"; };
		503B1C21251B614200EBBF2B /* CalculatorView.swift */ = {isa = PBXFileReference; lastKnownFileType = sourcecode.swift; path = CalculatorView.swift; sourceTree = "<group>"; };
		50418D7324EBD0FD003EDD6B /* MoneyKeep.app */ = {isa = PBXFileReference; explicitFileType = wrapper.application; includeInIndex = 0; path = MoneyKeep.app; sourceTree = BUILT_PRODUCTS_DIR; };
		50418D7624EBD0FD003EDD6B /* AppDelegate.swift */ = {isa = PBXFileReference; lastKnownFileType = sourcecode.swift; path = AppDelegate.swift; sourceTree = "<group>"; };
		50418D7824EBD0FD003EDD6B /* SceneDelegate.swift */ = {isa = PBXFileReference; lastKnownFileType = sourcecode.swift; path = SceneDelegate.swift; sourceTree = "<group>"; };
		50418D7A24EBD0FE003EDD6B /* ViewController.swift */ = {isa = PBXFileReference; lastKnownFileType = sourcecode.swift; path = ViewController.swift; sourceTree = "<group>"; };
		50418D7D24EBD0FE003EDD6B /* Base */ = {isa = PBXFileReference; lastKnownFileType = file.storyboard; name = Base; path = Base.lproj/Main.storyboard; sourceTree = "<group>"; };
		50418D8024EBD0FE003EDD6B /* MoneyKeep.xcdatamodel */ = {isa = PBXFileReference; lastKnownFileType = wrapper.xcdatamodel; path = MoneyKeep.xcdatamodel; sourceTree = "<group>"; };
		50418D8224EBD0FF003EDD6B /* Assets.xcassets */ = {isa = PBXFileReference; lastKnownFileType = folder.assetcatalog; path = Assets.xcassets; sourceTree = "<group>"; };
		50418D8524EBD0FF003EDD6B /* Base */ = {isa = PBXFileReference; lastKnownFileType = file.storyboard; name = Base; path = Base.lproj/LaunchScreen.storyboard; sourceTree = "<group>"; };
		50418D8724EBD0FF003EDD6B /* Info.plist */ = {isa = PBXFileReference; lastKnownFileType = text.plist.xml; path = Info.plist; sourceTree = "<group>"; };
		50500B1424FD401E00BE9132 /* ImageCollection.swift */ = {isa = PBXFileReference; lastKnownFileType = sourcecode.swift; path = ImageCollection.swift; sourceTree = "<group>"; };
		507BC8B025244ABA00C91358 /* SelectCategoryViewController.swift */ = {isa = PBXFileReference; lastKnownFileType = sourcecode.swift; path = SelectCategoryViewController.swift; sourceTree = "<group>"; };
		50A0B89724F91D4800DE5E23 /* CategoryCollection.swift */ = {isa = PBXFileReference; lastKnownFileType = sourcecode.swift; path = CategoryCollection.swift; sourceTree = "<group>"; };
		50D7247725306CF700402F5B /* en */ = {isa = PBXFileReference; lastKnownFileType = text.plist.strings; name = en; path = en.lproj/Localizable.strings; sourceTree = "<group>"; };
		50D7247A25306CFB00402F5B /* ru */ = {isa = PBXFileReference; lastKnownFileType = text.plist.strings; name = ru; path = ru.lproj/Localizable.strings; sourceTree = "<group>"; };
		50D7247F2530778600402F5B /* ru */ = {isa = PBXFileReference; lastKnownFileType = text.plist.strings; name = ru; path = ru.lproj/Main.strings; sourceTree = "<group>"; usesTabs = 0; wrapsLines = 1; };
		9A134715B8F7A2FECF1B7EDC /* Pods-MoneyKeep.release.xcconfig */ = {isa = PBXFileReference; includeInIndex = 1; lastKnownFileType = text.xcconfig; name = "Pods-MoneyKeep.release.xcconfig"; path = "Target Support Files/Pods-MoneyKeep/Pods-MoneyKeep.release.xcconfig"; sourceTree = "<group>"; };
		F954CA37774A6EA437ED5290 /* Pods-MoneyKeep.debug.xcconfig */ = {isa = PBXFileReference; includeInIndex = 1; lastKnownFileType = text.xcconfig; name = "Pods-MoneyKeep.debug.xcconfig"; path = "Target Support Files/Pods-MoneyKeep/Pods-MoneyKeep.debug.xcconfig"; sourceTree = "<group>"; };
/* End PBXFileReference section */

/* Begin PBXFrameworksBuildPhase section */
		50418D7024EBD0FD003EDD6B /* Frameworks */ = {
			isa = PBXFrameworksBuildPhase;
			buildActionMask = 2147483647;
			files = (
				FBCD0EA8B0288554E62CD1D6 /* Pods_MoneyKeep.framework in Frameworks */,
			);
			runOnlyForDeploymentPostprocessing = 0;
		};
/* End PBXFrameworksBuildPhase section */

/* Begin PBXGroup section */
		2DC80EC9AFCAFF566FA13088 /* Frameworks */ = {
			isa = PBXGroup;
			children = (
				0BC49BB30AAE39B8DF13D603 /* Pods_MoneyKeep.framework */,
			);
			name = Frameworks;
			sourceTree = "<group>";
		};
		50418D6A24EBD0FD003EDD6B = {
			isa = PBXGroup;
			children = (
				50BFF51F2530E70300E4A9C5 /* screenshots */,
				50418D7524EBD0FD003EDD6B /* MoneyKeep */,
				50418D7424EBD0FD003EDD6B /* Products */,
				9C74F11BAB0B1E6171051E83 /* Pods */,
				2DC80EC9AFCAFF566FA13088 /* Frameworks */,
			);
			sourceTree = "<group>";
		};
		50418D7424EBD0FD003EDD6B /* Products */ = {
			isa = PBXGroup;
			children = (
				50418D7324EBD0FD003EDD6B /* MoneyKeep.app */,
			);
			name = Products;
			sourceTree = "<group>";
		};
		50418D7524EBD0FD003EDD6B /* MoneyKeep */ = {
			isa = PBXGroup;
			children = (
				507BC8B9252454C100C91358 /* Data */,
				507BC8B82524548E00C91358 /* Utils */,
				50418D7624EBD0FD003EDD6B /* AppDelegate.swift */,
				50418D7824EBD0FD003EDD6B /* SceneDelegate.swift */,
				50418D7A24EBD0FE003EDD6B /* ViewController.swift */,
				50418D7C24EBD0FE003EDD6B /* Main.storyboard */,
				50418D8224EBD0FF003EDD6B /* Assets.xcassets */,
				50418D8724EBD0FF003EDD6B /* Info.plist */,
				50418D7F24EBD0FE003EDD6B /* MoneyKeep.xcdatamodeld */,
				50418D8424EBD0FF003EDD6B /* LaunchScreen.storyboard */,
				503B1C21251B614200EBBF2B /* CalculatorView.swift */,
				5005821C25024F040076927D /* CategoryCollectionViewCell.swift */,
				5005821E25024F990076927D /* AddSpendViewController.swift */,
				507BC8B025244ABA00C91358 /* SelectCategoryViewController.swift */,
				50D7247825306CF700402F5B /* Localizable.strings */,
				5029EE74253089DE00503D0B /* Persistance.swift */,
			);
			path = MoneyKeep;
			sourceTree = "<group>";
		};
		507BC8B82524548E00C91358 /* Utils */ = {
			isa = PBXGroup;
			children = (
				5039B00C2523A33900875E24 /* DateExtension.swift */,
				502272562508B14C00914E9A /* ColorSet.swift */,
				50500B1424FD401E00BE9132 /* ImageCollection.swift */,
				5029EE7725308C7100503D0B /* StringExtension.swift */,
			);
			path = Utils;
			sourceTree = "<group>";
		};
		507BC8B9252454C100C91358 /* Data */ = {
			isa = PBXGroup;
			children = (
				50382C2024EE33CA0085272D /* SpendCategory.swift */,
				50382C2224EE36600085272D /* SpendItem.swift */,
				50382C2424EE38E10085272D /* SpendCollection.swift */,
				50A0B89724F91D4800DE5E23 /* CategoryCollection.swift */,
				502BFA89252C4A57003A6272 /* SpendData.swift */,
			);
			path = Data;
			sourceTree = "<group>";
		};
		50BFF51F2530E70300E4A9C5 /* screenshots */ = {
			isa = PBXGroup;
			children = (
			);
			name = screenshots;
			path = MoneyKeep/screenshots;
			sourceTree = "<group>";
		};
		9C74F11BAB0B1E6171051E83 /* Pods */ = {
			isa = PBXGroup;
			children = (
				F954CA37774A6EA437ED5290 /* Pods-MoneyKeep.debug.xcconfig */,
				9A134715B8F7A2FECF1B7EDC /* Pods-MoneyKeep.release.xcconfig */,
			);
			path = Pods;
			sourceTree = "<group>";
		};
/* End PBXGroup section */

/* Begin PBXNativeTarget section */
		50418D7224EBD0FD003EDD6B /* MoneyKeep */ = {
			isa = PBXNativeTarget;
			buildConfigurationList = 50418D8A24EBD0FF003EDD6B /* Build configuration list for PBXNativeTarget "MoneyKeep" */;
			buildPhases = (
				D804E95A4EF4146DE67E31DD /* [CP] Check Pods Manifest.lock */,
				50418D6F24EBD0FD003EDD6B /* Sources */,
				50418D7024EBD0FD003EDD6B /* Frameworks */,
				50418D7124EBD0FD003EDD6B /* Resources */,
				235089EFF503C60EBD1119C4 /* [CP] Embed Pods Frameworks */,
			);
			buildRules = (
			);
			dependencies = (
			);
			name = MoneyKeep;
			productName = MoneyKeep;
			productReference = 50418D7324EBD0FD003EDD6B /* MoneyKeep.app */;
			productType = "com.apple.product-type.application";
		};
/* End PBXNativeTarget section */

/* Begin PBXProject section */
		50418D6B24EBD0FD003EDD6B /* Project object */ = {
			isa = PBXProject;
			attributes = {
				LastSwiftUpdateCheck = 1160;
				LastUpgradeCheck = 1160;
				ORGANIZATIONNAME = Albert;
				TargetAttributes = {
					50418D7224EBD0FD003EDD6B = {
						CreatedOnToolsVersion = 11.6;
					};
				};
			};
			buildConfigurationList = 50418D6E24EBD0FD003EDD6B /* Build configuration list for PBXProject "MoneyKeep" */;
			compatibilityVersion = "Xcode 9.3";
			developmentRegion = en;
			hasScannedForEncodings = 0;
			knownRegions = (
				en,
				Base,
				ru,
			);
			mainGroup = 50418D6A24EBD0FD003EDD6B;
			productRefGroup = 50418D7424EBD0FD003EDD6B /* Products */;
			projectDirPath = "";
			projectRoot = "";
			targets = (
				50418D7224EBD0FD003EDD6B /* MoneyKeep */,
			);
		};
/* End PBXProject section */

/* Begin PBXResourcesBuildPhase section */
		50418D7124EBD0FD003EDD6B /* Resources */ = {
			isa = PBXResourcesBuildPhase;
			buildActionMask = 2147483647;
			files = (
				50418D8624EBD0FF003EDD6B /* LaunchScreen.storyboard in Resources */,
				50D7247625306CF700402F5B /* Localizable.strings in Resources */,
				50418D8324EBD0FF003EDD6B /* Assets.xcassets in Resources */,
				50418D7E24EBD0FE003EDD6B /* Main.storyboard in Resources */,
			);
			runOnlyForDeploymentPostprocessing = 0;
		};
/* End PBXResourcesBuildPhase section */

/* Begin PBXShellScriptBuildPhase section */
		235089EFF503C60EBD1119C4 /* [CP] Embed Pods Frameworks */ = {
			isa = PBXShellScriptBuildPhase;
			buildActionMask = 2147483647;
			files = (
			);
			inputFileListPaths = (
				"${PODS_ROOT}/Target Support Files/Pods-MoneyKeep/Pods-MoneyKeep-frameworks-${CONFIGURATION}-input-files.xcfilelist",
			);
			name = "[CP] Embed Pods Frameworks";
			outputFileListPaths = (
				"${PODS_ROOT}/Target Support Files/Pods-MoneyKeep/Pods-MoneyKeep-frameworks-${CONFIGURATION}-output-files.xcfilelist",
			);
			runOnlyForDeploymentPostprocessing = 0;
			shellPath = /bin/sh;
			shellScript = "\"${PODS_ROOT}/Target Support Files/Pods-MoneyKeep/Pods-MoneyKeep-frameworks.sh\"\n";
			showEnvVarsInLog = 0;
		};
		D804E95A4EF4146DE67E31DD /* [CP] Check Pods Manifest.lock */ = {
			isa = PBXShellScriptBuildPhase;
			buildActionMask = 2147483647;
			files = (
			);
			inputFileListPaths = (
			);
			inputPaths = (
				"${PODS_PODFILE_DIR_PATH}/Podfile.lock",
				"${PODS_ROOT}/Manifest.lock",
			);
			name = "[CP] Check Pods Manifest.lock";
			outputFileListPaths = (
			);
			outputPaths = (
				"$(DERIVED_FILE_DIR)/Pods-MoneyKeep-checkManifestLockResult.txt",
			);
			runOnlyForDeploymentPostprocessing = 0;
			shellPath = /bin/sh;
			shellScript = "diff \"${PODS_PODFILE_DIR_PATH}/Podfile.lock\" \"${PODS_ROOT}/Manifest.lock\" > /dev/null\nif [ $? != 0 ] ; then\n    # print error to STDERR\n    echo \"error: The sandbox is not in sync with the Podfile.lock. Run 'pod install' or update your CocoaPods installation.\" >&2\n    exit 1\nfi\n# This output is used by Xcode 'outputs' to avoid re-running this script phase.\necho \"SUCCESS\" > \"${SCRIPT_OUTPUT_FILE_0}\"\n";
			showEnvVarsInLog = 0;
		};
/* End PBXShellScriptBuildPhase section */

/* Begin PBXSourcesBuildPhase section */
		50418D6F24EBD0FD003EDD6B /* Sources */ = {
			isa = PBXSourcesBuildPhase;
			buildActionMask = 2147483647;
			files = (
				50418D7B24EBD0FE003EDD6B /* ViewController.swift in Sources */,
				50500B1524FD401E00BE9132 /* ImageCollection.swift in Sources */,
				50382C2324EE36600085272D /* SpendItem.swift in Sources */,
				50418D7724EBD0FD003EDD6B /* AppDelegate.swift in Sources */,
				502272572508B14C00914E9A /* ColorSet.swift in Sources */,
				50418D7924EBD0FD003EDD6B /* SceneDelegate.swift in Sources */,
				5029EE75253089DE00503D0B /* Persistance.swift in Sources */,
				50382C2124EE33CA0085272D /* SpendCategory.swift in Sources */,
				5005821D25024F040076927D /* CategoryCollectionViewCell.swift in Sources */,
				5005821F25024F990076927D /* AddSpendViewController.swift in Sources */,
				50A0B89824F91D4800DE5E23 /* CategoryCollection.swift in Sources */,
				503B1C22251B614200EBBF2B /* CalculatorView.swift in Sources */,
				5039B00D2523A33900875E24 /* DateExtension.swift in Sources */,
				507BC8B125244ABA00C91358 /* SelectCategoryViewController.swift in Sources */,
				5029EE7825308C7100503D0B /* StringExtension.swift in Sources */,
				50418D8124EBD0FE003EDD6B /* MoneyKeep.xcdatamodeld in Sources */,
				502BFA8A252C4A57003A6272 /* SpendData.swift in Sources */,
				50382C2524EE38E10085272D /* SpendCollection.swift in Sources */,
			);
			runOnlyForDeploymentPostprocessing = 0;
		};
/* End PBXSourcesBuildPhase section */

/* Begin PBXVariantGroup section */
		50418D7C24EBD0FE003EDD6B /* Main.storyboard */ = {
			isa = PBXVariantGroup;
			children = (
				50418D7D24EBD0FE003EDD6B /* Base */,
				50D7247F2530778600402F5B /* ru */,
			);
			name = Main.storyboard;
			sourceTree = "<group>";
		};
		50418D8424EBD0FF003EDD6B /* LaunchScreen.storyboard */ = {
			isa = PBXVariantGroup;
			children = (
				50418D8524EBD0FF003EDD6B /* Base */,
			);
			name = LaunchScreen.storyboard;
			sourceTree = "<group>";
		};
		50D7247825306CF700402F5B /* Localizable.strings */ = {
			isa = PBXVariantGroup;
			children = (
				50D7247725306CF700402F5B /* en */,
				50D7247A25306CFB00402F5B /* ru */,
			);
			name = Localizable.strings;
			sourceTree = "<group>";
		};
/* End PBXVariantGroup section */

/* Begin XCBuildConfiguration section */
		50418D8824EBD0FF003EDD6B /* Debug */ = {
			isa = XCBuildConfiguration;
			buildSettings = {
				ALWAYS_SEARCH_USER_PATHS = NO;
				CLANG_ANALYZER_LOCALIZABILITY_NONLOCALIZED = YES;
				CLANG_ANALYZER_NONNULL = YES;
				CLANG_ANALYZER_NUMBER_OBJECT_CONVERSION = YES_AGGRESSIVE;
				CLANG_CXX_LANGUAGE_STANDARD = "gnu++14";
				CLANG_CXX_LIBRARY = "libc++";
				CLANG_ENABLE_MODULES = YES;
				CLANG_ENABLE_OBJC_ARC = YES;
				CLANG_ENABLE_OBJC_WEAK = YES;
				CLANG_WARN_BLOCK_CAPTURE_AUTORELEASING = YES;
				CLANG_WARN_BOOL_CONVERSION = YES;
				CLANG_WARN_COMMA = YES;
				CLANG_WARN_CONSTANT_CONVERSION = YES;
				CLANG_WARN_DEPRECATED_OBJC_IMPLEMENTATIONS = YES;
				CLANG_WARN_DIRECT_OBJC_ISA_USAGE = YES_ERROR;
				CLANG_WARN_DOCUMENTATION_COMMENTS = YES;
				CLANG_WARN_EMPTY_BODY = YES;
				CLANG_WARN_ENUM_CONVERSION = YES;
				CLANG_WARN_INFINITE_RECURSION = YES;
				CLANG_WARN_INT_CONVERSION = YES;
				CLANG_WARN_NON_LITERAL_NULL_CONVERSION = YES;
				CLANG_WARN_OBJC_IMPLICIT_RETAIN_SELF = YES;
				CLANG_WARN_OBJC_LITERAL_CONVERSION = YES;
				CLANG_WARN_OBJC_ROOT_CLASS = YES_ERROR;
				CLANG_WARN_RANGE_LOOP_ANALYSIS = YES;
				CLANG_WARN_STRICT_PROTOTYPES = YES;
				CLANG_WARN_SUSPICIOUS_MOVE = YES;
				CLANG_WARN_UNGUARDED_AVAILABILITY = YES_AGGRESSIVE;
				CLANG_WARN_UNREACHABLE_CODE = YES;
				CLANG_WARN__DUPLICATE_METHOD_MATCH = YES;
				COPY_PHASE_STRIP = NO;
				DEBUG_INFORMATION_FORMAT = dwarf;
				ENABLE_STRICT_OBJC_MSGSEND = YES;
				ENABLE_TESTABILITY = YES;
				GCC_C_LANGUAGE_STANDARD = gnu11;
				GCC_DYNAMIC_NO_PIC = NO;
				GCC_NO_COMMON_BLOCKS = YES;
				GCC_OPTIMIZATION_LEVEL = 0;
				GCC_PREPROCESSOR_DEFINITIONS = (
					"DEBUG=1",
					"$(inherited)",
				);
				GCC_WARN_64_TO_32_BIT_CONVERSION = YES;
				GCC_WARN_ABOUT_RETURN_TYPE = YES_ERROR;
				GCC_WARN_UNDECLARED_SELECTOR = YES;
				GCC_WARN_UNINITIALIZED_AUTOS = YES_AGGRESSIVE;
				GCC_WARN_UNUSED_FUNCTION = YES;
				GCC_WARN_UNUSED_VARIABLE = YES;
				IPHONEOS_DEPLOYMENT_TARGET = 12.0;
				MTL_ENABLE_DEBUG_INFO = INCLUDE_SOURCE;
				MTL_FAST_MATH = YES;
				ONLY_ACTIVE_ARCH = YES;
				SDKROOT = iphoneos;
				SWIFT_ACTIVE_COMPILATION_CONDITIONS = DEBUG;
				SWIFT_OPTIMIZATION_LEVEL = "-Onone";
			};
			name = Debug;
		};
		50418D8924EBD0FF003EDD6B /* Release */ = {
			isa = XCBuildConfiguration;
			buildSettings = {
				ALWAYS_SEARCH_USER_PATHS = NO;
				CLANG_ANALYZER_LOCALIZABILITY_NONLOCALIZED = YES;
				CLANG_ANALYZER_NONNULL = YES;
				CLANG_ANALYZER_NUMBER_OBJECT_CONVERSION = YES_AGGRESSIVE;
				CLANG_CXX_LANGUAGE_STANDARD = "gnu++14";
				CLANG_CXX_LIBRARY = "libc++";
				CLANG_ENABLE_MODULES = YES;
				CLANG_ENABLE_OBJC_ARC = YES;
				CLANG_ENABLE_OBJC_WEAK = YES;
				CLANG_WARN_BLOCK_CAPTURE_AUTORELEASING = YES;
				CLANG_WARN_BOOL_CONVERSION = YES;
				CLANG_WARN_COMMA = YES;
				CLANG_WARN_CONSTANT_CONVERSION = YES;
				CLANG_WARN_DEPRECATED_OBJC_IMPLEMENTATIONS = YES;
				CLANG_WARN_DIRECT_OBJC_ISA_USAGE = YES_ERROR;
				CLANG_WARN_DOCUMENTATION_COMMENTS = YES;
				CLANG_WARN_EMPTY_BODY = YES;
				CLANG_WARN_ENUM_CONVERSION = YES;
				CLANG_WARN_INFINITE_RECURSION = YES;
				CLANG_WARN_INT_CONVERSION = YES;
				CLANG_WARN_NON_LITERAL_NULL_CONVERSION = YES;
				CLANG_WARN_OBJC_IMPLICIT_RETAIN_SELF = YES;
				CLANG_WARN_OBJC_LITERAL_CONVERSION = YES;
				CLANG_WARN_OBJC_ROOT_CLASS = YES_ERROR;
				CLANG_WARN_RANGE_LOOP_ANALYSIS = YES;
				CLANG_WARN_STRICT_PROTOTYPES = YES;
				CLANG_WARN_SUSPICIOUS_MOVE = YES;
				CLANG_WARN_UNGUARDED_AVAILABILITY = YES_AGGRESSIVE;
				CLANG_WARN_UNREACHABLE_CODE = YES;
				CLANG_WARN__DUPLICATE_METHOD_MATCH = YES;
				COPY_PHASE_STRIP = NO;
				DEBUG_INFORMATION_FORMAT = "dwarf-with-dsym";
				ENABLE_NS_ASSERTIONS = NO;
				ENABLE_STRICT_OBJC_MSGSEND = YES;
				GCC_C_LANGUAGE_STANDARD = gnu11;
				GCC_NO_COMMON_BLOCKS = YES;
				GCC_WARN_64_TO_32_BIT_CONVERSION = YES;
				GCC_WARN_ABOUT_RETURN_TYPE = YES_ERROR;
				GCC_WARN_UNDECLARED_SELECTOR = YES;
				GCC_WARN_UNINITIALIZED_AUTOS = YES_AGGRESSIVE;
				GCC_WARN_UNUSED_FUNCTION = YES;
				GCC_WARN_UNUSED_VARIABLE = YES;
				IPHONEOS_DEPLOYMENT_TARGET = 12.0;
				MTL_ENABLE_DEBUG_INFO = NO;
				MTL_FAST_MATH = YES;
				SDKROOT = iphoneos;
				SWIFT_COMPILATION_MODE = wholemodule;
				SWIFT_OPTIMIZATION_LEVEL = "-O";
				VALIDATE_PRODUCT = YES;
			};
			name = Release;
		};
		50418D8B24EBD0FF003EDD6B /* Debug */ = {
			isa = XCBuildConfiguration;
			baseConfigurationReference = F954CA37774A6EA437ED5290 /* Pods-MoneyKeep.debug.xcconfig */;
			buildSettings = {
				ASSETCATALOG_COMPILER_APPICON_NAME = AppIcon;
				CODE_SIGN_STYLE = Automatic;
				DEVELOPMENT_TEAM = NH6PS7BX26;
				INFOPLIST_FILE = MoneyKeep/Info.plist;
				IPHONEOS_DEPLOYMENT_TARGET = 12.0;
				LD_RUNPATH_SEARCH_PATHS = (
					"$(inherited)",
					"@executable_path/Frameworks",
				);
				PRODUCT_BUNDLE_IDENTIFIER = com.albakm.MoneyKeep;
				PRODUCT_NAME = "$(TARGET_NAME)";
				SWIFT_VERSION = 5.0;
				TARGETED_DEVICE_FAMILY = "1,2";
			};
			name = Debug;
		};
		50418D8C24EBD0FF003EDD6B /* Release */ = {
			isa = XCBuildConfiguration;
			baseConfigurationReference = 9A134715B8F7A2FECF1B7EDC /* Pods-MoneyKeep.release.xcconfig */;
			buildSettings = {
				ASSETCATALOG_COMPILER_APPICON_NAME = AppIcon;
				CODE_SIGN_STYLE = Automatic;
				DEVELOPMENT_TEAM = NH6PS7BX26;
				INFOPLIST_FILE = MoneyKeep/Info.plist;
				IPHONEOS_DEPLOYMENT_TARGET = 12.0;
				LD_RUNPATH_SEARCH_PATHS = (
					"$(inherited)",
					"@executable_path/Frameworks",
				);
				PRODUCT_BUNDLE_IDENTIFIER = com.albakm.MoneyKeep;
				PRODUCT_NAME = "$(TARGET_NAME)";
				SWIFT_VERSION = 5.0;
				TARGETED_DEVICE_FAMILY = "1,2";
			};
			name = Release;
		};
/* End XCBuildConfiguration section */

/* Begin XCConfigurationList section */
		50418D6E24EBD0FD003EDD6B /* Build configuration list for PBXProject "MoneyKeep" */ = {
			isa = XCConfigurationList;
			buildConfigurations = (
				50418D8824EBD0FF003EDD6B /* Debug */,
				50418D8924EBD0FF003EDD6B /* Release */,
			);
			defaultConfigurationIsVisible = 0;
			defaultConfigurationName = Release;
		};
		50418D8A24EBD0FF003EDD6B /* Build configuration list for PBXNativeTarget "MoneyKeep" */ = {
			isa = XCConfigurationList;
			buildConfigurations = (
				50418D8B24EBD0FF003EDD6B /* Debug */,
				50418D8C24EBD0FF003EDD6B /* Release */,
			);
			defaultConfigurationIsVisible = 0;
			defaultConfigurationName = Release;
		};
/* End XCConfigurationList section */

/* Begin XCVersionGroup section */
		50418D7F24EBD0FE003EDD6B /* MoneyKeep.xcdatamodeld */ = {
			isa = XCVersionGroup;
			children = (
				50418D8024EBD0FE003EDD6B /* MoneyKeep.xcdatamodel */,
			);
			currentVersion = 50418D8024EBD0FE003EDD6B /* MoneyKeep.xcdatamodel */;
			path = MoneyKeep.xcdatamodeld;
			sourceTree = "<group>";
			versionGroupType = wrapper.xcdatamodel;
		};
/* End XCVersionGroup section */
	};
	rootObject = 50418D6B24EBD0FD003EDD6B /* Project object */;
}
